{
  "requires": true,
  "lockfileVersion": 1,
  "dependencies": {
    "bulma-timeline": {
      "version": "3.0.1",
      "resolved": "https://registry.npmjs.org/bulma-timeline/-/bulma-timeline-3.0.1.tgz",
      "integrity": "sha512-f62bDm7z5HtvVa0VEKRclbDTOM1DO0kUD3MDp7zBLxORQPXJ6lWbzQkXoGqeX+3khIeSnOYx4uwUPACNsZEzkA=="
    }
  }
}
